
Microsoft Visual Studio Solution File, Format Version 12.00
# Visual Studio 15
VisualStudioVersion = 15.0.28307.168
MinimumVisualStudioVersion = 10.0.40219.1
Project("{FAE04EC0-301F-11D3-BF4B-00C04F79EFBC}") = "Andrew's Calculator", "Andrew's Calculator.csproj", "{617369E0-E3CA-40FA-8862-8ED5A54C1046}"
EndProject
Global
	GlobalSection(SolutionConfigurationPlatforms) = preSolution
		Debug|Any CPU = Debug|Any CPU
		Release|Any CPU = Release|Any CPU
	EndGlobalSection
	GlobalSection(ProjectConfigurationPlatforms) = postSolution
		{617369E0-E3CA-40FA-8862-8ED5A54C1046}.Debug|Any CPU.ActiveCfg = Debug|Any CPU
		{617369E0-E3CA-40FA-8862-8ED5A54C1046}.Debug|Any CPU.Build.0 = Debug|Any CPU
		{617369E0-E3CA-40FA-8862-8ED5A54C1046}.Release|Any CPU.ActiveCfg = Release|Any CPU
		{617369E0-E3CA-40FA-8862-8ED5A54C1046}.Release|Any CPU.Build.0 = Release|Any CPU
	EndGlobalSection
	GlobalSection(SolutionProperties) = preSolution
		HideSolutionNode = FALSE
	EndGlobalSection
	GlobalSection(ExtensibilityGlobals) = postSolution
		SolutionGuid = {5100B31E-2AEF-40A3-AF6C-62090E498FDC}
	EndGlobalSection
EndGlobal
